
Microsoft Visual Studio Solution File, Format Version 12.00
# Visual Studio Version 16
VisualStudioVersion = 16.0.31112.23
MinimumVisualStudioVersion = 10.0.40219.1
Project("{8BC9CEB8-8B4A-11D0-8D11-00A0C91BC942}") = "Logger", "Logger.vcxproj", "{B4C744A8-B871-4D7D-AA7C-09FAB1466C75}"
EndProject
Global
	GlobalSection(SolutionConfigurationPlatforms) = preSolution
		Debug|x64 = Debug|x64
		Debug|x86 = Debug|x86
		Release|x64 = Release|x64
		Release|x86 = Release|x86
	EndGlobalSection
	GlobalSection(ProjectConfigurationPlatforms) = postSolution
		{B4C744A8-B871-4D7D-AA7C-09FAB1466C75}.Debug|x64.ActiveCfg = Debug|x64
		{B4C744A8-B871-4D7D-AA7C-09FAB1466C75}.Debug|x64.Build.0 = Debug|x64
		{B4C744A8-B871-4D7D-AA7C-09FAB1466C75}.Debug|x86.ActiveCfg = Debug|Win32
		{B4C744A8-B871-4D7D-AA7C-09FAB1466C75}.Debug|x86.Build.0 = Debug|Win32
		{B4C744A8-B871-4D7D-AA7C-09FAB1466C75}.Release|x64.ActiveCfg = Release|x64
		{B4C744A8-B871-4D7D-AA7C-09FAB1466C75}.Release|x64.Build.0 = Release|x64
		{B4C744A8-B871-4D7D-AA7C-09FAB1466C75}.Release|x86.ActiveCfg = Release|Win32
		{B4C744A8-B871-4D7D-AA7C-09FAB1466C75}.Release|x86.Build.0 = Release|Win32
	EndGlobalSection
	GlobalSection(SolutionProperties) = preSolution
		HideSolutionNode = FALSE
	EndGlobalSection
	GlobalSection(ExtensibilityGlobals) = postSolution
		SolutionGuid = {5FA6041A-74FE-459B-8C15-849500FD1460}
	EndGlobalSection
EndGlobal
